PODS:
  - MBProgressHUD (0.9.1)
  - ReactiveCocoa (2.5):
    - ReactiveCocoa/UI (= 2.5)
  - ReactiveCocoa/Core (2.5):
    - ReactiveCocoa/no-arc
  - ReactiveCocoa/no-arc (2.5)
  - ReactiveCocoa/UI (2.5):
    - ReactiveCocoa/Core

DEPENDENCIES:
  - MBProgressHUD (= 0.9.1)
  - ReactiveCocoa

SPEC CHECKSUMS:
  MBProgressHUD: c47f2c166c126cf2ce36498d80f33e754d4e93ad
  ReactiveCocoa: e2db045570aa97c695e7aa97c2bcab222ae51f4a

COCOAPODS: 0.39.0
