// !$*UTF8*$!
{
	archiveVersion = 1;
	classes = {
	};
	objectVersion = 46;
	objects = {

/* Begin PBXBuildFile section */
		1B2825971D372C4A00A7BF20 /* BNRAudioData.m in Sources */ = {isa = PBXBuildFile; fileRef = 1B2825941D372C4A00A7BF20 /* BNRAudioData.m */; };
		1B2825981D372C4A00A7BF20 /* BNRAudioData.m in Sources */ = {isa = PBXBuildFile; fileRef = 1B2825941D372C4A00A7BF20 /* BNRAudioData.m */; };
		1B2825991D372C4A00A7BF20 /* BNRAudioData.m in Sources */ = {isa = PBXBuildFile; fileRef = 1B2825941D372C4A00A7BF20 /* BNRAudioData.m */; };
		1B28259A1D372C4A00A7BF20 /* VoiceConvertHandle.m in Sources */ = {isa = PBXBuildFile; fileRef = 1B2825961D372C4A00A7BF20 /* VoiceConvertHandle.m */; };
		1B28259B1D372C4A00A7BF20 /* VoiceConvertHandle.m in Sources */ = {isa = PBXBuildFile; fileRef = 1B2825961D372C4A00A7BF20 /* VoiceConvertHandle.m */; };
		1B28259C1D372C4A00A7BF20 /* VoiceConvertHandle.m in Sources */ = {isa = PBXBuildFile; fileRef = 1B2825961D372C4A00A7BF20 /* VoiceConvertHandle.m */; };
		1B28259F1D372C5B00A7BF20 /* BNRConnectVC.m in Sources */ = {isa = PBXBuildFile; fileRef = 1B28259E1D372C5B00A7BF20 /* BNRConnectVC.m */; };
		1B2825A01D372C5B00A7BF20 /* BNRConnectVC.m in Sources */ = {isa = PBXBuildFile; fileRef = 1B28259E1D372C5B00A7BF20 /* BNRConnectVC.m */; };
		1B2825A11D372C5B00A7BF20 /* BNRConnectVC.m in Sources */ = {isa = PBXBuildFile; fileRef = 1B28259E1D372C5B00A7BF20 /* BNRConnectVC.m */; };
		1B73BEAA1D2A8676003E6604 /* BNRMainVC.m in Sources */ = {isa = PBXBuildFile; fileRef = 1B73BEA91D2A8676003E6604 /* BNRMainVC.m */; };
		1B73BEAB1D2A8676003E6604 /* BNRMainVC.m in Sources */ = {isa = PBXBuildFile; fileRef = 1B73BEA91D2A8676003E6604 /* BNRMainVC.m */; };
		1B73BEAC1D2A8676003E6604 /* BNRMainVC.m in Sources */ = {isa = PBXBuildFile; fileRef = 1B73BEA91D2A8676003E6604 /* BNRMainVC.m */; };
		1B73BEBC1D2A8DA4003E6604 /* BNRChatRoomVC.m in Sources */ = {isa = PBXBuildFile; fileRef = 1B73BEBB1D2A8DA4003E6604 /* BNRChatRoomVC.m */; };
		1B73BEBD1D2A8DA4003E6604 /* BNRChatRoomVC.m in Sources */ = {isa = PBXBuildFile; fileRef = 1B73BEBB1D2A8DA4003E6604 /* BNRChatRoomVC.m */; };
		1B73BEBE1D2A8DA4003E6604 /* BNRChatRoomVC.m in Sources */ = {isa = PBXBuildFile; fileRef = 1B73BEBB1D2A8DA4003E6604 /* BNRChatRoomVC.m */; };
		1BAD4DE01D2E3FD200E14ABE /* BNRClient.m in Sources */ = {isa = PBXBuildFile; fileRef = 1BAD4DDB1D2E3FD200E14ABE /* BNRClient.m */; };
		1BAD4DE11D2E3FD300E14ABE /* BNRCommication.m in Sources */ = {isa = PBXBuildFile; fileRef = 1BAD4DDD1D2E3FD200E14ABE /* BNRCommication.m */; };
		1BAD4DE21D2E3FD300E14ABE /* BNRServer.m in Sources */ = {isa = PBXBuildFile; fileRef = 1BAD4DDF1D2E3FD200E14ABE /* BNRServer.m */; };
		1BAD4DE41D2E3FE800E14ABE /* MultipeerConnectivity.framework in Frameworks */ = {isa = PBXBuildFile; fileRef = 1BAD4DE31D2E3FE800E14ABE /* MultipeerConnectivity.framework */; };
		1BD3C63D1D0FD5D700F7246D /* main.m in Sources */ = {isa = PBXBuildFile; fileRef = 1BD3C63C1D0FD5D700F7246D /* main.m */; };
		1BD3C6401D0FD5D700F7246D /* AppDelegate.m in Sources */ = {isa = PBXBuildFile; fileRef = 1BD3C63F1D0FD5D700F7246D /* AppDelegate.m */; };
		1BD3C6461D0FD5D700F7246D /* Main.storyboard in Resources */ = {isa = PBXBuildFile; fileRef = 1BD3C6441D0FD5D700F7246D /* Main.storyboard */; };
		1BD3C6481D0FD5D700F7246D /* Assets.xcassets in Resources */ = {isa = PBXBuildFile; fileRef = 1BD3C6471D0FD5D700F7246D /* Assets.xcassets */; };
		1BD3C64B1D0FD5D700F7246D /* LaunchScreen.storyboard in Resources */ = {isa = PBXBuildFile; fileRef = 1BD3C6491D0FD5D700F7246D /* LaunchScreen.storyboard */; };
		1BD3C6561D0FD5D700F7246D /* BleVOIPTests.m in Sources */ = {isa = PBXBuildFile; fileRef = 1BD3C6551D0FD5D700F7246D /* BleVOIPTests.m */; };
		1BD3C6611D0FD5D700F7246D /* BleVOIPUITests.m in Sources */ = {isa = PBXBuildFile; fileRef = 1BD3C6601D0FD5D700F7246D /* BleVOIPUITests.m */; };
		98ACDD75E188EB95708ECD95 /* libPods.a in Frameworks */ = {isa = PBXBuildFile; fileRef = 2C2DBD61C1733CEF0655CAD9 /* libPods.a */; };
/* End PBXBuildFile section */

/* Begin PBXContainerItemProxy section */
		1BD3C6521D0FD5D700F7246D /* PBXContainerItemProxy */ = {
			isa = PBXContainerItemProxy;
			containerPortal = 1BD3C6301D0FD5D700F7246D /* Project object */;
			proxyType = 1;
			remoteGlobalIDString = 1BD3C6371D0FD5D700F7246D;
			remoteInfo = BleVOIP;
		};
		1BD3C65D1D0FD5D700F7246D /* PBXContainerItemProxy */ = {
			isa = PBXContainerItemProxy;
			containerPortal = 1BD3C6301D0FD5D700F7246D /* Project object */;
			proxyType = 1;
			remoteGlobalIDString = 1BD3C6371D0FD5D700F7246D;
			remoteInfo = BleVOIP;
		};
/* End PBXContainerItemProxy section */

/* Begin PBXFileReference section */
		1B2825931D372C4A00A7BF20 /* BNRAudioData.h */ = {isa = PBXFileReference; fileEncoding = 4; lastKnownFileType = sourcecode.c.h; path = BNRAudioData.h; sourceTree = "<group>"; };
		1B2825941D372C4A00A7BF20 /* BNRAudioData.m */ = {isa = PBXFileReference; fileEncoding = 4; lastKnownFileType = sourcecode.c.objc; path = BNRAudioData.m; sourceTree = "<group>"; };
		1B2825951D372C4A00A7BF20 /* VoiceConvertHandle.h */ = {isa = PBXFileReference; fileEncoding = 4; lastKnownFileType = sourcecode.c.h; path = VoiceConvertHandle.h; sourceTree = "<group>"; };
		1B2825961D372C4A00A7BF20 /* VoiceConvertHandle.m */ = {isa = PBXFileReference; fileEncoding = 4; lastKnownFileType = sourcecode.c.objc; path = VoiceConvertHandle.m; sourceTree = "<group>"; };
		1B28259D1D372C5B00A7BF20 /* BNRConnectVC.h */ = {isa = PBXFileReference; fileEncoding = 4; lastKnownFileType = sourcecode.c.h; name = BNRConnectVC.h; path = ViewControllers/BNRConnectVC.h; sourceTree = "<group>"; };
		1B28259E1D372C5B00A7BF20 /* BNRConnectVC.m */ = {isa = PBXFileReference; fileEncoding = 4; lastKnownFileType = sourcecode.c.objc; name = BNRConnectVC.m; path = ViewControllers/BNRConnectVC.m; sourceTree = "<group>"; };
		1B73BEA81D2A8676003E6604 /* BNRMainVC.h */ = {isa = PBXFileReference; fileEncoding = 4; lastKnownFileType = sourcecode.c.h; name = BNRMainVC.h; path = ViewControllers/BNRMainVC.h; sourceTree = "<group>"; };
		1B73BEA91D2A8676003E6604 /* BNRMainVC.m */ = {isa = PBXFileReference; fileEncoding = 4; lastKnownFileType = sourcecode.c.objc; name = BNRMainVC.m; path = ViewControllers/BNRMainVC.m; sourceTree = "<group>"; };
		1B73BEBA1D2A8DA4003E6604 /* BNRChatRoomVC.h */ = {isa = PBXFileReference; fileEncoding = 4; lastKnownFileType = sourcecode.c.h; name = BNRChatRoomVC.h; path = ViewControllers/BNRChatRoomVC.h; sourceTree = "<group>"; };
		1B73BEBB1D2A8DA4003E6604 /* BNRChatRoomVC.m */ = {isa = PBXFileReference; fileEncoding = 4; lastKnownFileType = sourcecode.c.objc; name = BNRChatRoomVC.m; path = ViewControllers/BNRChatRoomVC.m; sourceTree = "<group>"; };
		1BAD4DDA1D2E3FD200E14ABE /* BNRClient.h */ = {isa = PBXFileReference; fileEncoding = 4; lastKnownFileType = sourcecode.c.h; path = BNRClient.h; sourceTree = "<group>"; };
		1BAD4DDB1D2E3FD200E14ABE /* BNRClient.m */ = {isa = PBXFileReference; fileEncoding = 4; lastKnownFileType = sourcecode.c.objc; path = BNRClient.m; sourceTree = "<group>"; };
		1BAD4DDC1D2E3FD200E14ABE /* BNRCommication.h */ = {isa = PBXFileReference; fileEncoding = 4; lastKnownFileType = sourcecode.c.h; path = BNRCommication.h; sourceTree = "<group>"; };
		1BAD4DDD1D2E3FD200E14ABE /* BNRCommication.m */ = {isa = PBXFileReference; fileEncoding = 4; lastKnownFileType = sourcecode.c.objc; path = BNRCommication.m; sourceTree = "<group>"; };
		1BAD4DDE1D2E3FD200E14ABE /* BNRServer.h */ = {isa = PBXFileReference; fileEncoding = 4; lastKnownFileType = sourcecode.c.h; path = BNRServer.h; sourceTree = "<group>"; };
		1BAD4DDF1D2E3FD200E14ABE /* BNRServer.m */ = {isa = PBXFileReference; fileEncoding = 4; lastKnownFileType = sourcecode.c.objc; path = BNRServer.m; sourceTree = "<group>"; };
		1BAD4DE31D2E3FE800E14ABE /* MultipeerConnectivity.framework */ = {isa = PBXFileReference; lastKnownFileType = wrapper.framework; name = MultipeerConnectivity.framework; path = System/Library/Frameworks/MultipeerConnectivity.framework; sourceTree = SDKROOT; };
		1BAD4DE51D2E41AA00E14ABE /* PrefixHeader.pch */ = {isa = PBXFileReference; lastKnownFileType = sourcecode.c.h; path = PrefixHeader.pch; sourceTree = "<group>"; };
		1BD3C6381D0FD5D700F7246D /* BleVOIP.app */ = {isa = PBXFileReference; explicitFileType = wrapper.application; includeInIndex = 0; path = BleVOIP.app; sourceTree = BUILT_PRODUCTS_DIR; };
		1BD3C63C1D0FD5D700F7246D /* main.m */ = {isa = PBXFileReference; lastKnownFileType = sourcecode.c.objc; path = main.m; sourceTree = "<group>"; };
		1BD3C63E1D0FD5D700F7246D /* AppDelegate.h */ = {isa = PBXFileReference; lastKnownFileType = sourcecode.c.h; path = AppDelegate.h; sourceTree = "<group>"; };
		1BD3C63F1D0FD5D700F7246D /* AppDelegate.m */ = {isa = PBXFileReference; lastKnownFileType = sourcecode.c.objc; path = AppDelegate.m; sourceTree = "<group>"; };
		1BD3C6451D0FD5D700F7246D /* Base */ = {isa = PBXFileReference; lastKnownFileType = file.storyboard; name = Base; path = Base.lproj/Main.storyboard; sourceTree = "<group>"; };
		1BD3C6471D0FD5D700F7246D /* Assets.xcassets */ = {isa = PBXFileReference; lastKnownFileType = folder.assetcatalog; path = Assets.xcassets; sourceTree = "<group>"; };
		1BD3C64A1D0FD5D700F7246D /* Base */ = {isa = PBXFileReference; lastKnownFileType = file.storyboard; name = Base; path = Base.lproj/LaunchScreen.storyboard; sourceTree = "<group>"; };
		1BD3C64C1D0FD5D700F7246D /* Info.plist */ = {isa = PBXFileReference; lastKnownFileType = text.plist.xml; path = Info.plist; sourceTree = "<group>"; };
		1BD3C6511D0FD5D700F7246D /* BleVOIPTests.xctest */ = {isa = PBXFileReference; explicitFileType = wrapper.cfbundle; includeInIndex = 0; path = BleVOIPTests.xctest; sourceTree = BUILT_PRODUCTS_DIR; };
		1BD3C6551D0FD5D700F7246D /* BleVOIPTests.m */ = {isa = PBXFileReference; lastKnownFileType = sourcecode.c.objc; path = BleVOIPTests.m; sourceTree = "<group>"; };
		1BD3C6571D0FD5D700F7246D /* Info.plist */ = {isa = PBXFileReference; lastKnownFileType = text.plist.xml; path = Info.plist; sourceTree = "<group>"; };
		1BD3C65C1D0FD5D700F7246D /* BleVOIPUITests.xctest */ = {isa = PBXFileReference; explicitFileType = wrapper.cfbundle; includeInIndex = 0; path = BleVOIPUITests.xctest; sourceTree = BUILT_PRODUCTS_DIR; };
		1BD3C6601D0FD5D700F7246D /* BleVOIPUITests.m */ = {isa = PBXFileReference; lastKnownFileType = sourcecode.c.objc; path = BleVOIPUITests.m; sourceTree = "<group>"; };
		1BD3C6621D0FD5D700F7246D /* Info.plist */ = {isa = PBXFileReference; lastKnownFileType = text.plist.xml; path = Info.plist; sourceTree = "<group>"; };
		2C2DBD61C1733CEF0655CAD9 /* libPods.a */ = {isa = PBXFileReference; explicitFileType = archive.ar; includeInIndex = 0; path = libPods.a; sourceTree = BUILT_PRODUCTS_DIR; };
		4265AF87DAEEF8AACED2C166 /* Pods.release.xcconfig */ = {isa = PBXFileReference; includeInIndex = 1; lastKnownFileType = text.xcconfig; name = Pods.release.xcconfig; path = "Pods/Target Support Files/Pods/Pods.release.xcconfig"; sourceTree = "<group>"; };
		BA58186AD342A510A40EBAA4 /* Pods.debug.xcconfig */ = {isa = PBXFileReference; includeInIndex = 1; lastKnownFileType = text.xcconfig; name = Pods.debug.xcconfig; path = "Pods/Target Support Files/Pods/Pods.debug.xcconfig"; sourceTree = "<group>"; };
/* End PBXFileReference section */

/* Begin PBXFrameworksBuildPhase section */
		1BD3C6351D0FD5D700F7246D /* Frameworks */ = {
			isa = PBXFrameworksBuildPhase;
			buildActionMask = 2147483647;
			files = (
				1BAD4DE41D2E3FE800E14ABE /* MultipeerConnectivity.framework in Frameworks */,
				98ACDD75E188EB95708ECD95 /* libPods.a in Frameworks */,
			);
			runOnlyForDeploymentPostprocessing = 0;
		};
		1BD3C64E1D0FD5D700F7246D /* Frameworks */ = {
			isa = PBXFrameworksBuildPhase;
			buildActionMask = 2147483647;
			files = (
			);
			runOnlyForDeploymentPostprocessing = 0;
		};
		1BD3C6591D0FD5D700F7246D /* Frameworks */ = {
			isa = PBXFrameworksBuildPhase;
			buildActionMask = 2147483647;
			files = (
			);
			runOnlyForDeploymentPostprocessing = 0;
		};
/* End PBXFrameworksBuildPhase section */

/* Begin PBXGroup section */
		1B2825921D372C4A00A7BF20 /* VoiceManager */ = {
			isa = PBXGroup;
			children = (
				1B2825931D372C4A00A7BF20 /* BNRAudioData.h */,
				1B2825941D372C4A00A7BF20 /* BNRAudioData.m */,
				1B2825951D372C4A00A7BF20 /* VoiceConvertHandle.h */,
				1B2825961D372C4A00A7BF20 /* VoiceConvertHandle.m */,
			);
			path = VoiceManager;
			sourceTree = "<group>";
		};
		1B73BEA71D2A8647003E6604 /* ViewControllers */ = {
			isa = PBXGroup;
			children = (
				1B28259D1D372C5B00A7BF20 /* BNRConnectVC.h */,
				1B28259E1D372C5B00A7BF20 /* BNRConnectVC.m */,
				1B73BEA81D2A8676003E6604 /* BNRMainVC.h */,
				1B73BEA91D2A8676003E6604 /* BNRMainVC.m */,
				1B73BEBA1D2A8DA4003E6604 /* BNRChatRoomVC.h */,
				1B73BEBB1D2A8DA4003E6604 /* BNRChatRoomVC.m */,
			);
			name = ViewControllers;
			sourceTree = "<group>";
		};
		1BAD4DD91D2E3FD200E14ABE /* Commumication */ = {
			isa = PBXGroup;
			children = (
				1BAD4DDA1D2E3FD200E14ABE /* BNRClient.h */,
				1BAD4DDB1D2E3FD200E14ABE /* BNRClient.m */,
				1BAD4DDE1D2E3FD200E14ABE /* BNRServer.h */,
				1BAD4DDF1D2E3FD200E14ABE /* BNRServer.m */,
				1BAD4DDC1D2E3FD200E14ABE /* BNRCommication.h */,
				1BAD4DDD1D2E3FD200E14ABE /* BNRCommication.m */,
			);
			path = Commumication;
			sourceTree = "<group>";
		};
		1BD3C62F1D0FD5D700F7246D = {
			isa = PBXGroup;
			children = (
				1BD3C63A1D0FD5D700F7246D /* BleVOIP */,
				1BD3C6541D0FD5D700F7246D /* BleVOIPTests */,
				1BD3C65F1D0FD5D700F7246D /* BleVOIPUITests */,
				1BD3C6391D0FD5D700F7246D /* Products */,
				CAB790725CF7E34B215740FE /* Pods */,
				427FF451B9785437D2539B2B /* Frameworks */,
			);
			sourceTree = "<group>";
		};
		1BD3C6391D0FD5D700F7246D /* Products */ = {
			isa = PBXGroup;
			children = (
				1BD3C6381D0FD5D700F7246D /* BleVOIP.app */,
				1BD3C6511D0FD5D700F7246D /* BleVOIPTests.xctest */,
				1BD3C65C1D0FD5D700F7246D /* BleVOIPUITests.xctest */,
			);
			name = Products;
			sourceTree = "<group>";
		};
		1BD3C63A1D0FD5D700F7246D /* BleVOIP */ = {
			isa = PBXGroup;
			children = (
				1B2825921D372C4A00A7BF20 /* VoiceManager */,
				1BAD4DD91D2E3FD200E14ABE /* Commumication */,
				1B73BEA71D2A8647003E6604 /* ViewControllers */,
				1BD3C63E1D0FD5D700F7246D /* AppDelegate.h */,
				1BD3C63F1D0FD5D700F7246D /* AppDelegate.m */,
				1BD3C6441D0FD5D700F7246D /* Main.storyboard */,
				1BD3C6471D0FD5D700F7246D /* Assets.xcassets */,
				1BD3C6491D0FD5D700F7246D /* LaunchScreen.storyboard */,
				1BD3C64C1D0FD5D700F7246D /* Info.plist */,
				1BD3C63B1D0FD5D700F7246D /* Supporting Files */,
			);
			path = BleVOIP;
			sourceTree = "<group>";
		};
		1BD3C63B1D0FD5D700F7246D /* Supporting Files */ = {
			isa = PBXGroup;
			children = (
				1BD3C63C1D0FD5D700F7246D /* main.m */,
				1BAD4DE51D2E41AA00E14ABE /* PrefixHeader.pch */,
			);
			name = "Supporting Files";
			sourceTree = "<group>";
		};
		1BD3C6541D0FD5D700F7246D /* BleVOIPTests */ = {
			isa = PBXGroup;
			children = (
				1BD3C6551D0FD5D700F7246D /* BleVOIPTests.m */,
				1BD3C6571D0FD5D700F7246D /* Info.plist */,
			);
			path = BleVOIPTests;
			sourceTree = "<group>";
		};
		1BD3C65F1D0FD5D700F7246D /* BleVOIPUITests */ = {
			isa = PBXGroup;
			children = (
				1BD3C6601D0FD5D700F7246D /* BleVOIPUITests.m */,
				1BD3C6621D0FD5D700F7246D /* Info.plist */,
			);
			path = BleVOIPUITests;
			sourceTree = "<group>";
		};
		427FF451B9785437D2539B2B /* Frameworks */ = {
			isa = PBXGroup;
			children = (
				1BAD4DE31D2E3FE800E14ABE /* MultipeerConnectivity.framework */,
				2C2DBD61C1733CEF0655CAD9 /* libPods.a */,
			);
			name = Frameworks;
			sourceTree = "<group>";
		};
		CAB790725CF7E34B215740FE /* Pods */ = {
			isa = PBXGroup;
			children = (
				BA58186AD342A510A40EBAA4 /* Pods.debug.xcconfig */,
				4265AF87DAEEF8AACED2C166 /* Pods.release.xcconfig */,
			);
			name = Pods;
			sourceTree = "<group>";
		};
/* End PBXGroup section */

/* Begin PBXNativeTarget section */
		1BD3C6371D0FD5D700F7246D /* BleVOIP */ = {
			isa = PBXNativeTarget;
			buildConfigurationList = 1BD3C6651D0FD5D700F7246D /* Build configuration list for PBXNativeTarget "BleVOIP" */;
			buildPhases = (
				3CF1730D2504A231D0DECCC2 /* Check Pods Manifest.lock */,
				1BD3C6341D0FD5D700F7246D /* Sources */,
				1BD3C6351D0FD5D700F7246D /* Frameworks */,
				1BD3C6361D0FD5D700F7246D /* Resources */,
				266429131CB5B2741B96D8E4 /* Embed Pods Frameworks */,
				35CA5BE96ECAB0E41ED13464 /* Copy Pods Resources */,
			);
			buildRules = (
			);
			dependencies = (
			);
			name = BleVOIP;
			productName = BleVOIP;
			productReference = 1BD3C6381D0FD5D700F7246D /* BleVOIP.app */;
			productType = "com.apple.product-type.application";
		};
		1BD3C6501D0FD5D700F7246D /* BleVOIPTests */ = {
			isa = PBXNativeTarget;
			buildConfigurationList = 1BD3C6681D0FD5D700F7246D /* Build configuration list for PBXNativeTarget "BleVOIPTests" */;
			buildPhases = (
				1BD3C64D1D0FD5D700F7246D /* Sources */,
				1BD3C64E1D0FD5D700F7246D /* Frameworks */,
				1BD3C64F1D0FD5D700F7246D /* Resources */,
			);
			buildRules = (
			);
			dependencies = (
				1BD3C6531D0FD5D700F7246D /* PBXTargetDependency */,
			);
			name = BleVOIPTests;
			productName = BleVOIPTests;
			productReference = 1BD3C6511D0FD5D700F7246D /* BleVOIPTests.xctest */;
			productType = "com.apple.product-type.bundle.unit-test";
		};
		1BD3C65B1D0FD5D700F7246D /* BleVOIPUITests */ = {
			isa = PBXNativeTarget;
			buildConfigurationList = 1BD3C66B1D0FD5D700F7246D /* Build configuration list for PBXNativeTarget "BleVOIPUITests" */;
			buildPhases = (
				1BD3C6581D0FD5D700F7246D /* Sources */,
				1BD3C6591D0FD5D700F7246D /* Frameworks */,
				1BD3C65A1D0FD5D700F7246D /* Resources */,
			);
			buildRules = (
			);
			dependencies = (
				1BD3C65E1D0FD5D700F7246D /* PBXTargetDependency */,
			);
			name = BleVOIPUITests;
			productName = BleVOIPUITests;
			productReference = 1BD3C65C1D0FD5D700F7246D /* BleVOIPUITests.xctest */;
			productType = "com.apple.product-type.bundle.ui-testing";
		};
/* End PBXNativeTarget section */

/* Begin PBXProject section */
		1BD3C6301D0FD5D700F7246D /* Project object */ = {
			isa = PBXProject;
			attributes = {
				LastUpgradeCheck = 0720;
				ORGANIZATIONNAME = JustinYang;
				TargetAttributes = {
					1BD3C6371D0FD5D700F7246D = {
						CreatedOnToolsVersion = 7.2.1;
					};
					1BD3C6501D0FD5D700F7246D = {
						CreatedOnToolsVersion = 7.2.1;
						TestTargetID = 1BD3C6371D0FD5D700F7246D;
					};
					1BD3C65B1D0FD5D700F7246D = {
						CreatedOnToolsVersion = 7.2.1;
						TestTargetID = 1BD3C6371D0FD5D700F7246D;
					};
				};
			};
			buildConfigurationList = 1BD3C6331D0FD5D700F7246D /* Build configuration list for PBXProject "BleVOIP" */;
			compatibilityVersion = "Xcode 3.2";
			developmentRegion = English;
			hasScannedForEncodings = 0;
			knownRegions = (
				en,
				Base,
			);
			mainGroup = 1BD3C62F1D0FD5D700F7246D;
			productRefGroup = 1BD3C6391D0FD5D700F7246D /* Products */;
			projectDirPath = "";
			projectRoot = "";
			targets = (
				1BD3C6371D0FD5D700F7246D /* BleVOIP */,
				1BD3C6501D0FD5D700F7246D /* BleVOIPTests */,
				1BD3C65B1D0FD5D700F7246D /* BleVOIPUITests */,
			);
		};
/* End PBXProject section */

/* Begin PBXResourcesBuildPhase section */
		1BD3C6361D0FD5D700F7246D /* Resources */ = {
			isa = PBXResourcesBuildPhase;
			buildActionMask = 2147483647;
			files = (
				1BD3C64B1D0FD5D700F7246D /* LaunchScreen.storyboard in Resources */,
				1BD3C6481D0FD5D700F7246D /* Assets.xcassets in Resources */,
				1BD3C6461D0FD5D700F7246D /* Main.storyboard in Resources */,
			);
			runOnlyForDeploymentPostprocessing = 0;
		};
		1BD3C64F1D0FD5D700F7246D /* Resources */ = {
			isa = PBXResourcesBuildPhase;
			buildActionMask = 2147483647;
			files = (
			);
			runOnlyForDeploymentPostprocessing = 0;
		};
		1BD3C65A1D0FD5D700F7246D /* Resources */ = {
			isa = PBXResourcesBuildPhase;
			buildActionMask = 2147483647;
			files = (
			);
			runOnlyForDeploymentPostprocessing = 0;
		};
/* End PBXResourcesBuildPhase section */

/* Begin PBXShellScriptBuildPhase section */
		266429131CB5B2741B96D8E4 /* Embed Pods Frameworks */ = {
			isa = PBXShellScriptBuildPhase;
			buildActionMask = 2147483647;
			files = (
			);
			inputPaths = (
			);
			name = "Embed Pods Frameworks";
			outputPaths = (
			);
			runOnlyForDeploymentPostprocessing = 0;
			shellPath = /bin/sh;
			shellScript = "\"${SRCROOT}/Pods/Target Support Files/Pods/Pods-frameworks.sh\"\n";
			showEnvVarsInLog = 0;
		};
		35CA5BE96ECAB0E41ED13464 /* Copy Pods Resources */ = {
			isa = PBXShellScriptBuildPhase;
			buildActionMask = 2147483647;
			files = (
			);
			inputPaths = (
			);
			name = "Copy Pods Resources";
			outputPaths = (
			);
			runOnlyForDeploymentPostprocessing = 0;
			shellPath = /bin/sh;
			shellScript = "\"${SRCROOT}/Pods/Target Support Files/Pods/Pods-resources.sh\"\n";
			showEnvVarsInLog = 0;
		};
		3CF1730D2504A231D0DECCC2 /* Check Pods Manifest.lock */ = {
			isa = PBXShellScriptBuildPhase;
			buildActionMask = 2147483647;
			files = (
			);
			inputPaths = (
			);
			name = "Check Pods Manifest.lock";
			outputPaths = (
			);
			runOnlyForDeploymentPostprocessing = 0;
			shellPath = /bin/sh;
			shellScript = "diff \"${PODS_ROOT}/../Podfile.lock\" \"${PODS_ROOT}/Manifest.lock\" > /dev/null\nif [[ $? != 0 ]] ; then\n    cat << EOM\nerror: The sandbox is not in sync with the Podfile.lock. Run 'pod install' or update your CocoaPods installation.\nEOM\n    exit 1\nfi\n";
			showEnvVarsInLog = 0;
		};
/* End PBXShellScriptBuildPhase section */

/* Begin PBXSourcesBuildPhase section */
		1BD3C6341D0FD5D700F7246D /* Sources */ = {
			isa = PBXSourcesBuildPhase;
			buildActionMask = 2147483647;
			files = (
				1B73BEBC1D2A8DA4003E6604 /* BNRChatRoomVC.m in Sources */,
				1BAD4DE01D2E3FD200E14ABE /* BNRClient.m in Sources */,
				1B28259F1D372C5B00A7BF20 /* BNRConnectVC.m in Sources */,
				1BD3C6401D0FD5D700F7246D /* AppDelegate.m in Sources */,
				1B28259A1D372C4A00A7BF20 /* VoiceConvertHandle.m in Sources */,
				1BAD4DE11D2E3FD300E14ABE /* BNRCommication.m in Sources */,
				1BAD4DE21D2E3FD300E14ABE /* BNRServer.m in Sources */,
				1B73BEAA1D2A8676003E6604 /* BNRMainVC.m in Sources */,
				1BD3C63D1D0FD5D700F7246D /* main.m in Sources */,
				1B2825971D372C4A00A7BF20 /* BNRAudioData.m in Sources */,
			);
			runOnlyForDeploymentPostprocessing = 0;
		};
		1BD3C64D1D0FD5D700F7246D /* Sources */ = {
			isa = PBXSourcesBuildPhase;
			buildActionMask = 2147483647;
			files = (
				1B73BEBD1D2A8DA4003E6604 /* BNRChatRoomVC.m in Sources */,
				1B73BEAB1D2A8676003E6604 /* BNRMainVC.m in Sources */,
				1BD3C6561D0FD5D700F7246D /* BleVOIPTests.m in Sources */,
				1B28259B1D372C4A00A7BF20 /* VoiceConvertHandle.m in Sources */,
				1B2825A01D372C5B00A7BF20 /* BNRConnectVC.m in Sources */,
				1B2825981D372C4A00A7BF20 /* BNRAudioData.m in Sources */,
			);
			runOnlyForDeploymentPostprocessing = 0;
		};
		1BD3C6581D0FD5D700F7246D /* Sources */ = {
			isa = PBXSourcesBuildPhase;
			buildActionMask = 2147483647;
			files = (
				1B73BEBE1D2A8DA4003E6604 /* BNRChatRoomVC.m in Sources */,
				1B73BEAC1D2A8676003E6604 /* BNRMainVC.m in Sources */,
				1BD3C6611D0FD5D700F7246D /* BleVOIPUITests.m in Sources */,
				1B28259C1D372C4A00A7BF20 /* VoiceConvertHandle.m in Sources */,
				1B2825A11D372C5B00A7BF20 /* BNRConnectVC.m in Sources */,
				1B2825991D372C4A00A7BF20 /* BNRAudioData.m in Sources */,
			);
			runOnlyForDeploymentPostprocessing = 0;
		};
/* End PBXSourcesBuildPhase section */

/* Begin PBXTargetDependency section */
		1BD3C6531D0FD5D700F7246D /* PBXTargetDependency */ = {
			isa = PBXTargetDependency;
			target = 1BD3C6371D0FD5D700F7246D /* BleVOIP */;
			targetProxy = 1BD3C6521D0FD5D700F7246D /* PBXContainerItemProxy */;
		};
		1BD3C65E1D0FD5D700F7246D /* PBXTargetDependency */ = {
			isa = PBXTargetDependency;
			target = 1BD3C6371D0FD5D700F7246D /* BleVOIP */;
			targetProxy = 1BD3C65D1D0FD5D700F7246D /* PBXContainerItemProxy */;
		};
/* End PBXTargetDependency section */

/* Begin PBXVariantGroup section */
		1BD3C6441D0FD5D700F7246D /* Main.storyboard */ = {
			isa = PBXVariantGroup;
			children = (
				1BD3C6451D0FD5D700F7246D /* Base */,
			);
			name = Main.storyboard;
			sourceTree = "<group>";
		};
		1BD3C6491D0FD5D700F7246D /* LaunchScreen.storyboard */ = {
			isa = PBXVariantGroup;
			children = (
				1BD3C64A1D0FD5D700F7246D /* Base */,
			);
			name = LaunchScreen.storyboard;
			sourceTree = "<group>";
		};
/* End PBXVariantGroup section */

/* Begin XCBuildConfiguration section */
		1BD3C6631D0FD5D700F7246D /* Debug */ = {
			isa = XCBuildConfiguration;
			buildSettings = {
				ALWAYS_SEARCH_USER_PATHS = NO;
				CLANG_CXX_LANGUAGE_STANDARD = "gnu++0x";
				CLANG_CXX_LIBRARY = "libc++";
				CLANG_ENABLE_MODULES = YES;
				CLANG_ENABLE_OBJC_ARC = YES;
				CLANG_WARN_BOOL_CONVERSION = YES;
				CLANG_WARN_CONSTANT_CONVERSION = YES;
				CLANG_WARN_DIRECT_OBJC_ISA_USAGE = YES_ERROR;
				CLANG_WARN_EMPTY_BODY = YES;
				CLANG_WARN_ENUM_CONVERSION = YES;
				CLANG_WARN_INT_CONVERSION = YES;
				CLANG_WARN_OBJC_ROOT_CLASS = YES_ERROR;
				CLANG_WARN_UNREACHABLE_CODE = YES;
				CLANG_WARN__DUPLICATE_METHOD_MATCH = YES;
				"CODE_SIGN_IDENTITY[sdk=iphoneos*]" = "iPhone Developer";
				COPY_PHASE_STRIP = NO;
				DEBUG_INFORMATION_FORMAT = dwarf;
				ENABLE_STRICT_OBJC_MSGSEND = YES;
				ENABLE_TESTABILITY = YES;
				GCC_C_LANGUAGE_STANDARD = gnu99;
				GCC_DYNAMIC_NO_PIC = NO;
				GCC_NO_COMMON_BLOCKS = YES;
				GCC_OPTIMIZATION_LEVEL = 0;
				GCC_PREPROCESSOR_DEFINITIONS = (
					"DEBUG=1",
					"$(inherited)",
				);
				GCC_WARN_64_TO_32_BIT_CONVERSION = YES;
				GCC_WARN_ABOUT_RETURN_TYPE = YES_ERROR;
				GCC_WARN_UNDECLARED_SELECTOR = YES;
				GCC_WARN_UNINITIALIZED_AUTOS = YES_AGGRESSIVE;
				GCC_WARN_UNUSED_FUNCTION = YES;
				GCC_WARN_UNUSED_VARIABLE = YES;
				IPHONEOS_DEPLOYMENT_TARGET = 9.2;
				MTL_ENABLE_DEBUG_INFO = YES;
				ONLY_ACTIVE_ARCH = YES;
				SDKROOT = iphoneos;
				TARGETED_DEVICE_FAMILY = "1,2";
			};
			name = Debug;
		};
		1BD3C6641D0FD5D700F7246D /* Release */ = {
			isa = XCBuildConfiguration;
			buildSettings = {
				ALWAYS_SEARCH_USER_PATHS = NO;
				CLANG_CXX_LANGUAGE_STANDARD = "gnu++0x";
				CLANG_CXX_LIBRARY = "libc++";
				CLANG_ENABLE_MODULES = YES;
				CLANG_ENABLE_OBJC_ARC = YES;
				CLANG_WARN_BOOL_CONVERSION = YES;
				CLANG_WARN_CONSTANT_CONVERSION = YES;
				CLANG_WARN_DIRECT_OBJC_ISA_USAGE = YES_ERROR;
				CLANG_WARN_EMPTY_BODY = YES;
				CLANG_WARN_ENUM_CONVERSION = YES;
				CLANG_WARN_INT_CONVERSION = YES;
				CLANG_WARN_OBJC_ROOT_CLASS = YES_ERROR;
				CLANG_WARN_UNREACHABLE_CODE = YES;
				CLANG_WARN__DUPLICATE_METHOD_MATCH = YES;
				"CODE_SIGN_IDENTITY[sdk=iphoneos*]" = "iPhone Developer";
				COPY_PHASE_STRIP = NO;
				DEBUG_INFORMATION_FORMAT = "dwarf-with-dsym";
				ENABLE_NS_ASSERTIONS = NO;
				ENABLE_STRICT_OBJC_MSGSEND = YES;
				GCC_C_LANGUAGE_STANDARD = gnu99;
				GCC_NO_COMMON_BLOCKS = YES;
				GCC_WARN_64_TO_32_BIT_CONVERSION = YES;
				GCC_WARN_ABOUT_RETURN_TYPE = YES_ERROR;
				GCC_WARN_UNDECLARED_SELECTOR = YES;
				GCC_WARN_UNINITIALIZED_AUTOS = YES_AGGRESSIVE;
				GCC_WARN_UNUSED_FUNCTION = YES;
				GCC_WARN_UNUSED_VARIABLE = YES;
				IPHONEOS_DEPLOYMENT_TARGET = 9.2;
				MTL_ENABLE_DEBUG_INFO = NO;
				SDKROOT = iphoneos;
				TARGETED_DEVICE_FAMILY = "1,2";
				VALIDATE_PRODUCT = YES;
			};
			name = Release;
		};
		1BD3C6661D0FD5D700F7246D /* Debug */ = {
			isa = XCBuildConfiguration;
			baseConfigurationReference = BA58186AD342A510A40EBAA4 /* Pods.debug.xcconfig */;
			buildSettings = {
				ASSETCATALOG_COMPILER_APPICON_NAME = AppIcon;
				GCC_PRECOMPILE_PREFIX_HEADER = YES;
				GCC_PREFIX_HEADER = "$(SRCROOT)/BleVOIP/PrefixHeader.pch";
				INFOPLIST_FILE = BleVOIP/Info.plist;
				IPHONEOS_DEPLOYMENT_TARGET = 7.0;
				LD_RUNPATH_SEARCH_PATHS = "$(inherited) @executable_path/Frameworks";
				PRODUCT_BUNDLE_IDENTIFIER = Het.BleVOIP;
				PRODUCT_NAME = "$(TARGET_NAME)";
			};
			name = Debug;
		};
		1BD3C6671D0FD5D700F7246D /* Release */ = {
			isa = XCBuildConfiguration;
			baseConfigurationReference = 4265AF87DAEEF8AACED2C166 /* Pods.release.xcconfig */;
			buildSettings = {
				ASSETCATALOG_COMPILER_APPICON_NAME = AppIcon;
				GCC_PRECOMPILE_PREFIX_HEADER = YES;
				GCC_PREFIX_HEADER = "$(SRCROOT)/BleVOIP/PrefixHeader.pch";
				INFOPLIST_FILE = BleVOIP/Info.plist;
				IPHONEOS_DEPLOYMENT_TARGET = 7.0;
				LD_RUNPATH_SEARCH_PATHS = "$(inherited) @executable_path/Frameworks";
				PRODUCT_BUNDLE_IDENTIFIER = Het.BleVOIP;
				PRODUCT_NAME = "$(TARGET_NAME)";
			};
			name = Release;
		};
		1BD3C6691D0FD5D700F7246D /* Debug */ = {
			isa = XCBuildConfiguration;
			buildSettings = {
				BUNDLE_LOADER = "$(TEST_HOST)";
				INFOPLIST_FILE = BleVOIPTests/Info.plist;
				LD_RUNPATH_SEARCH_PATHS = "$(inherited) @executable_path/Frameworks @loader_path/Frameworks";
				PRODUCT_BUNDLE_IDENTIFIER = Het.BleVOIPTests;
				PRODUCT_NAME = "$(TARGET_NAME)";
				TEST_HOST = "$(BUILT_PRODUCTS_DIR)/BleVOIP.app/BleVOIP";
			};
			name = Debug;
		};
		1BD3C66A1D0FD5D700F7246D /* Release */ = {
			isa = XCBuildConfiguration;
			buildSettings = {
				BUNDLE_LOADER = "$(TEST_HOST)";
				INFOPLIST_FILE = BleVOIPTests/Info.plist;
				LD_RUNPATH_SEARCH_PATHS = "$(inherited) @executable_path/Frameworks @loader_path/Frameworks";
				PRODUCT_BUNDLE_IDENTIFIER = Het.BleVOIPTests;
				PRODUCT_NAME = "$(TARGET_NAME)";
				TEST_HOST = "$(BUILT_PRODUCTS_DIR)/BleVOIP.app/BleVOIP";
			};
			name = Release;
		};
		1BD3C66C1D0FD5D700F7246D /* Debug */ = {
			isa = XCBuildConfiguration;
			buildSettings = {
				INFOPLIST_FILE = BleVOIPUITests/Info.plist;
				LD_RUNPATH_SEARCH_PATHS = "$(inherited) @executable_path/Frameworks @loader_path/Frameworks";
				PRODUCT_BUNDLE_IDENTIFIER = Het.BleVOIPUITests;
				PRODUCT_NAME = "$(TARGET_NAME)";
				TEST_TARGET_NAME = BleVOIP;
				USES_XCTRUNNER = YES;
			};
			name = Debug;
		};
		1BD3C66D1D0FD5D700F7246D /* Release */ = {
			isa = XCBuildConfiguration;
			buildSettings = {
				INFOPLIST_FILE = BleVOIPUITests/Info.plist;
				LD_RUNPATH_SEARCH_PATHS = "$(inherited) @executable_path/Frameworks @loader_path/Frameworks";
				PRODUCT_BUNDLE_IDENTIFIER = Het.BleVOIPUITests;
				PRODUCT_NAME = "$(TARGET_NAME)";
				TEST_TARGET_NAME = BleVOIP;
				USES_XCTRUNNER = YES;
			};
			name = Release;
		};
/* End XCBuildConfiguration section */

/* Begin XCConfigurationList section */
		1BD3C6331D0FD5D700F7246D /* Build configuration list for PBXProject "BleVOIP" */ = {
			isa = XCConfigurationList;
			buildConfigurations = (
				1BD3C6631D0FD5D700F7246D /* Debug */,
				1BD3C6641D0FD5D700F7246D /* Release */,
			);
			defaultConfigurationIsVisible = 0;
			defaultConfigurationName = Release;
		};
		1BD3C6651D0FD5D700F7246D /* Build configuration list for PBXNativeTarget "BleVOIP" */ = {
			isa = XCConfigurationList;
			buildConfigurations = (
				1BD3C6661D0FD5D700F7246D /* Debug */,
				1BD3C6671D0FD5D700F7246D /* Release */,
			);
			defaultConfigurationIsVisible = 0;
			defaultConfigurationName = Release;
		};
		1BD3C6681D0FD5D700F7246D /* Build configuration list for PBXNativeTarget "BleVOIPTests" */ = {
			isa = XCConfigurationList;
			buildConfigurations = (
				1BD3C6691D0FD5D700F7246D /* Debug */,
				1BD3C66A1D0FD5D700F7246D /* Release */,
			);
			defaultConfigurationIsVisible = 0;
			defaultConfigurationName = Release;
		};
		1BD3C66B1D0FD5D700F7246D /* Build configuration list for PBXNativeTarget "BleVOIPUITests" */ = {
			isa = XCConfigurationList;
			buildConfigurations = (
				1BD3C66C1D0FD5D700F7246D /* Debug */,
				1BD3C66D1D0FD5D700F7246D /* Release */,
			);
			defaultConfigurationIsVisible = 0;
			defaultConfigurationName = Release;
		};
/* End XCConfigurationList section */
	};
	rootObject = 1BD3C6301D0FD5D700F7246D /* Project object */;
}
