// !$*UTF8*$!
{
	archiveVersion = 1;
	classes = {
	};
	objectVersion = 46;
	objects = {

/* Begin PBXBuildFile section */
		1B32C40B1D25161D00411C54 /* BNRAudioData.m in Sources */ = {isa = PBXBuildFile; fileRef = 1B32C40A1D25161D00411C54 /* BNRAudioData.m */; };
		1BD3C63D1D0FD5D700F7246D /* main.m in Sources */ = {isa = PBXBuildFile; fileRef = 1BD3C63C1D0FD5D700F7246D /* main.m */; };
		1BD3C6401D0FD5D700F7246D /* AppDelegate.m in Sources */ = {isa = PBXBuildFile; fileRef = 1BD3C63F1D0FD5D700F7246D /* AppDelegate.m */; };
		1BD3C6431D0FD5D700F7246D /* ViewController.m in Sources */ = {isa = PBXBuildFile; fileRef = 1BD3C6421D0FD5D700F7246D /* ViewController.m */; };
		1BD3C6461D0FD5D700F7246D /* Main.storyboard in Resources */ = {isa = PBXBuildFile; fileRef = 1BD3C6441D0FD5D700F7246D /* Main.storyboard */; };
		1BD3C6481D0FD5D700F7246D /* Assets.xcassets in Resources */ = {isa = PBXBuildFile; fileRef = 1BD3C6471D0FD5D700F7246D /* Assets.xcassets */; };
		1BD3C64B1D0FD5D700F7246D /* LaunchScreen.storyboard in Resources */ = {isa = PBXBuildFile; fileRef = 1BD3C6491D0FD5D700F7246D /* LaunchScreen.storyboard */; };
		1BD3C6561D0FD5D700F7246D /* BleVOIPTests.m in Sources */ = {isa = PBXBuildFile; fileRef = 1BD3C6551D0FD5D700F7246D /* BleVOIPTests.m */; };
		1BD3C6611D0FD5D700F7246D /* BleVOIPUITests.m in Sources */ = {isa = PBXBuildFile; fileRef = 1BD3C6601D0FD5D700F7246D /* BleVOIPUITests.m */; };
		1BD3C6701D0FD8B400F7246D /* VoiceConvertHandle.m in Sources */ = {isa = PBXBuildFile; fileRef = 1BD3C66F1D0FD8B400F7246D /* VoiceConvertHandle.m */; };
/* End PBXBuildFile section */

/* Begin PBXContainerItemProxy section */
		1BD3C6521D0FD5D700F7246D /* PBXContainerItemProxy */ = {
			isa = PBXContainerItemProxy;
			containerPortal = 1BD3C6301D0FD5D700F7246D /* Project object */;
			proxyType = 1;
			remoteGlobalIDString = 1BD3C6371D0FD5D700F7246D;
			remoteInfo = BleVOIP;
		};
		1BD3C65D1D0FD5D700F7246D /* PBXContainerItemProxy */ = {
			isa = PBXContainerItemProxy;
			containerPortal = 1BD3C6301D0FD5D700F7246D /* Project object */;
			proxyType = 1;
			remoteGlobalIDString = 1BD3C6371D0FD5D700F7246D;
			remoteInfo = BleVOIP;
		};
/* End PBXContainerItemProxy section */

/* Begin PBXFileReference section */
		1B32C4091D25161D00411C54 /* BNRAudioData.h */ = {isa = PBXFileReference; fileEncoding = 4; lastKnownFileType = sourcecode.c.h; path = BNRAudioData.h; sourceTree = "<group>"; };
		1B32C40A1D25161D00411C54 /* BNRAudioData.m */ = {isa = PBXFileReference; fileEncoding = 4; lastKnownFileType = sourcecode.c.objc; path = BNRAudioData.m; sourceTree = "<group>"; };
		1BD3C6381D0FD5D700F7246D /* BleVOIP.app */ = {isa = PBXFileReference; explicitFileType = wrapper.application; includeInIndex = 0; path = BleVOIP.app; sourceTree = BUILT_PRODUCTS_DIR; };
		1BD3C63C1D0FD5D700F7246D /* main.m */ = {isa = PBXFileReference; lastKnownFileType = sourcecode.c.objc; path = main.m; sourceTree = "<group>"; };
		1BD3C63E1D0FD5D700F7246D /* AppDelegate.h */ = {isa = PBXFileReference; lastKnownFileType = sourcecode.c.h; path = AppDelegate.h; sourceTree = "<group>"; };
		1BD3C63F1D0FD5D700F7246D /* AppDelegate.m */ = {isa = PBXFileReference; lastKnownFileType = sourcecode.c.objc; path = AppDelegate.m; sourceTree = "<group>"; };
		1BD3C6411D0FD5D700F7246D /* ViewController.h */ = {isa = PBXFileReference; lastKnownFileType = sourcecode.c.h; path = ViewController.h; sourceTree = "<group>"; };
		1BD3C6421D0FD5D700F7246D /* ViewController.m */ = {isa = PBXFileReference; lastKnownFileType = sourcecode.c.objc; path = ViewController.m; sourceTree = "<group>"; };
		1BD3C6451D0FD5D700F7246D /* Base */ = {isa = PBXFileReference; lastKnownFileType = file.storyboard; name = Base; path = Base.lproj/Main.storyboard; sourceTree = "<group>"; };
		1BD3C6471D0FD5D700F7246D /* Assets.xcassets */ = {isa = PBXFileReference; lastKnownFileType = folder.assetcatalog; path = Assets.xcassets; sourceTree = "<group>"; };
		1BD3C64A1D0FD5D700F7246D /* Base */ = {isa = PBXFileReference; lastKnownFileType = file.storyboard; name = Base; path = Base.lproj/LaunchScreen.storyboard; sourceTree = "<group>"; };
		1BD3C64C1D0FD5D700F7246D /* Info.plist */ = {isa = PBXFileReference; lastKnownFileType = text.plist.xml; path = Info.plist; sourceTree = "<group>"; };
		1BD3C6511D0FD5D700F7246D /* BleVOIPTests.xctest */ = {isa = PBXFileReference; explicitFileType = wrapper.cfbundle; includeInIndex = 0; path = BleVOIPTests.xctest; sourceTree = BUILT_PRODUCTS_DIR; };
		1BD3C6551D0FD5D700F7246D /* BleVOIPTests.m */ = {isa = PBXFileReference; lastKnownFileType = sourcecode.c.objc; path = BleVOIPTests.m; sourceTree = "<group>"; };
		1BD3C6571D0FD5D700F7246D /* Info.plist */ = {isa = PBXFileReference; lastKnownFileType = text.plist.xml; path = Info.plist; sourceTree = "<group>"; };
		1BD3C65C1D0FD5D700F7246D /* BleVOIPUITests.xctest */ = {isa = PBXFileReference; explicitFileType = wrapper.cfbundle; includeInIndex = 0; path = BleVOIPUITests.xctest; sourceTree = BUILT_PRODUCTS_DIR; };
		1BD3C6601D0FD5D700F7246D /* BleVOIPUITests.m */ = {isa = PBXFileReference; lastKnownFileType = sourcecode.c.objc; path = BleVOIPUITests.m; sourceTree = "<group>"; };
		1BD3C6621D0FD5D700F7246D /* Info.plist */ = {isa = PBXFileReference; lastKnownFileType = text.plist.xml; path = Info.plist; sourceTree = "<group>"; };
		1BD3C66E1D0FD8B400F7246D /* VoiceConvertHandle.h */ = {isa = PBXFileReference; fileEncoding = 4; lastKnownFileType = sourcecode.c.h; path = VoiceConvertHandle.h; sourceTree = "<group>"; };
		1BD3C66F1D0FD8B400F7246D /* VoiceConvertHandle.m */ = {isa = PBXFileReference; fileEncoding = 4; lastKnownFileType = sourcecode.c.objc; path = VoiceConvertHandle.m; sourceTree = "<group>"; };
/* End PBXFileReference section */

/* Begin PBXFrameworksBuildPhase section */
		1BD3C6351D0FD5D700F7246D /* Frameworks */ = {
			isa = PBXFrameworksBuildPhase;
			buildActionMask = 2147483647;
			files = (
			);
			runOnlyForDeploymentPostprocessing = 0;
		};
		1BD3C64E1D0FD5D700F7246D /* Frameworks */ = {
			isa = PBXFrameworksBuildPhase;
			buildActionMask = 2147483647;
			files = (
			);
			runOnlyForDeploymentPostprocessing = 0;
		};
		1BD3C6591D0FD5D700F7246D /* Frameworks */ = {
			isa = PBXFrameworksBuildPhase;
			buildActionMask = 2147483647;
			files = (
			);
			runOnlyForDeploymentPostprocessing = 0;
		};
/* End PBXFrameworksBuildPhase section */

/* Begin PBXGroup section */
		1BD3C62F1D0FD5D700F7246D = {
			isa = PBXGroup;
			children = (
				1BD3C63A1D0FD5D700F7246D /* BleVOIP */,
				1BD3C6541D0FD5D700F7246D /* BleVOIPTests */,
				1BD3C65F1D0FD5D700F7246D /* BleVOIPUITests */,
				1BD3C6391D0FD5D700F7246D /* Products */,
			);
			sourceTree = "<group>";
		};
		1BD3C6391D0FD5D700F7246D /* Products */ = {
			isa = PBXGroup;
			children = (
				1BD3C6381D0FD5D700F7246D /* BleVOIP.app */,
				1BD3C6511D0FD5D700F7246D /* BleVOIPTests.xctest */,
				1BD3C65C1D0FD5D700F7246D /* BleVOIPUITests.xctest */,
			);
			name = Products;
			sourceTree = "<group>";
		};
		1BD3C63A1D0FD5D700F7246D /* BleVOIP */ = {
			isa = PBXGroup;
			children = (
				1BD3C63E1D0FD5D700F7246D /* AppDelegate.h */,
				1BD3C63F1D0FD5D700F7246D /* AppDelegate.m */,
				1BD3C6411D0FD5D700F7246D /* ViewController.h */,
				1BD3C6421D0FD5D700F7246D /* ViewController.m */,
				1BD3C66E1D0FD8B400F7246D /* VoiceConvertHandle.h */,
				1BD3C66F1D0FD8B400F7246D /* VoiceConvertHandle.m */,
				1BD3C6441D0FD5D700F7246D /* Main.storyboard */,
				1BD3C6471D0FD5D700F7246D /* Assets.xcassets */,
				1BD3C6491D0FD5D700F7246D /* LaunchScreen.storyboard */,
				1BD3C64C1D0FD5D700F7246D /* Info.plist */,
				1BD3C63B1D0FD5D700F7246D /* Supporting Files */,
				1B32C4091D25161D00411C54 /* BNRAudioData.h */,
				1B32C40A1D25161D00411C54 /* BNRAudioData.m */,
			);
			path = BleVOIP;
			sourceTree = "<group>";
		};
		1BD3C63B1D0FD5D700F7246D /* Supporting Files */ = {
			isa = PBXGroup;
			children = (
				1BD3C63C1D0FD5D700F7246D /* main.m */,
			);
			name = "Supporting Files";
			sourceTree = "<group>";
		};
		1BD3C6541D0FD5D700F7246D /* BleVOIPTests */ = {
			isa = PBXGroup;
			children = (
				1BD3C6551D0FD5D700F7246D /* BleVOIPTests.m */,
				1BD3C6571D0FD5D700F7246D /* Info.plist */,
			);
			path = BleVOIPTests;
			sourceTree = "<group>";
		};
		1BD3C65F1D0FD5D700F7246D /* BleVOIPUITests */ = {
			isa = PBXGroup;
			children = (
				1BD3C6601D0FD5D700F7246D /* BleVOIPUITests.m */,
				1BD3C6621D0FD5D700F7246D /* Info.plist */,
			);
			path = BleVOIPUITests;
			sourceTree = "<group>";
		};
/* End PBXGroup section */

/* Begin PBXNativeTarget section */
		1BD3C6371D0FD5D700F7246D /* BleVOIP */ = {
			isa = PBXNativeTarget;
			buildConfigurationList = 1BD3C6651D0FD5D700F7246D /* Build configuration list for PBXNativeTarget "BleVOIP" */;
			buildPhases = (
				1BD3C6341D0FD5D700F7246D /* Sources */,
				1BD3C6351D0FD5D700F7246D /* Frameworks */,
				1BD3C6361D0FD5D700F7246D /* Resources */,
			);
			buildRules = (
			);
			dependencies = (
			);
			name = BleVOIP;
			productName = BleVOIP;
			productReference = 1BD3C6381D0FD5D700F7246D /* BleVOIP.app */;
			productType = "com.apple.product-type.application";
		};
		1BD3C6501D0FD5D700F7246D /* BleVOIPTests */ = {
			isa = PBXNativeTarget;
			buildConfigurationList = 1BD3C6681D0FD5D700F7246D /* Build configuration list for PBXNativeTarget "BleVOIPTests" */;
			buildPhases = (
				1BD3C64D1D0FD5D700F7246D /* Sources */,
				1BD3C64E1D0FD5D700F7246D /* Frameworks */,
				1BD3C64F1D0FD5D700F7246D /* Resources */,
			);
			buildRules = (
			);
			dependencies = (
				1BD3C6531D0FD5D700F7246D /* PBXTargetDependency */,
			);
			name = BleVOIPTests;
			productName = BleVOIPTests;
			productReference = 1BD3C6511D0FD5D700F7246D /* BleVOIPTests.xctest */;
			productType = "com.apple.product-type.bundle.unit-test";
		};
		1BD3C65B1D0FD5D700F7246D /* BleVOIPUITests */ = {
			isa = PBXNativeTarget;
			buildConfigurationList = 1BD3C66B1D0FD5D700F7246D /* Build configuration list for PBXNativeTarget "BleVOIPUITests" */;
			buildPhases = (
				1BD3C6581D0FD5D700F7246D /* Sources */,
				1BD3C6591D0FD5D700F7246D /* Frameworks */,
				1BD3C65A1D0FD5D700F7246D /* Resources */,
			);
			buildRules = (
			);
			dependencies = (
				1BD3C65E1D0FD5D700F7246D /* PBXTargetDependency */,
			);
			name = BleVOIPUITests;
			productName = BleVOIPUITests;
			productReference = 1BD3C65C1D0FD5D700F7246D /* BleVOIPUITests.xctest */;
			productType = "com.apple.product-type.bundle.ui-testing";
		};
/* End PBXNativeTarget section */

/* Begin PBXProject section */
		1BD3C6301D0FD5D700F7246D /* Project object */ = {
			isa = PBXProject;
			attributes = {
				LastUpgradeCheck = 0720;
				ORGANIZATIONNAME = JustinYang;
				TargetAttributes = {
					1BD3C6371D0FD5D700F7246D = {
						CreatedOnToolsVersion = 7.2.1;
					};
					1BD3C6501D0FD5D700F7246D = {
						CreatedOnToolsVersion = 7.2.1;
						TestTargetID = 1BD3C6371D0FD5D700F7246D;
					};
					1BD3C65B1D0FD5D700F7246D = {
						CreatedOnToolsVersion = 7.2.1;
						TestTargetID = 1BD3C6371D0FD5D700F7246D;
					};
				};
			};
			buildConfigurationList = 1BD3C6331D0FD5D700F7246D /* Build configuration list for PBXProject "BleVOIP" */;
			compatibilityVersion = "Xcode 3.2";
			developmentRegion = English;
			hasScannedForEncodings = 0;
			knownRegions = (
				en,
				Base,
			);
			mainGroup = 1BD3C62F1D0FD5D700F7246D;
			productRefGroup = 1BD3C6391D0FD5D700F7246D /* Products */;
			projectDirPath = "";
			projectRoot = "";
			targets = (
				1BD3C6371D0FD5D700F7246D /* BleVOIP */,
				1BD3C6501D0FD5D700F7246D /* BleVOIPTests */,
				1BD3C65B1D0FD5D700F7246D /* BleVOIPUITests */,
			);
		};
/* End PBXProject section */

/* Begin PBXResourcesBuildPhase section */
		1BD3C6361D0FD5D700F7246D /* Resources */ = {
			isa = PBXResourcesBuildPhase;
			buildActionMask = 2147483647;
			files = (
				1BD3C64B1D0FD5D700F7246D /* LaunchScreen.storyboard in Resources */,
				1BD3C6481D0FD5D700F7246D /* Assets.xcassets in Resources */,
				1BD3C6461D0FD5D700F7246D /* Main.storyboard in Resources */,
			);
			runOnlyForDeploymentPostprocessing = 0;
		};
		1BD3C64F1D0FD5D700F7246D /* Resources */ = {
			isa = PBXResourcesBuildPhase;
			buildActionMask = 2147483647;
			files = (
			);
			runOnlyForDeploymentPostprocessing = 0;
		};
		1BD3C65A1D0FD5D700F7246D /* Resources */ = {
			isa = PBXResourcesBuildPhase;
			buildActionMask = 2147483647;
			files = (
			);
			runOnlyForDeploymentPostprocessing = 0;
		};
/* End PBXResourcesBuildPhase section */

/* Begin PBXSourcesBuildPhase section */
		1BD3C6341D0FD5D700F7246D /* Sources */ = {
			isa = PBXSourcesBuildPhase;
			buildActionMask = 2147483647;
			files = (
				1BD3C6431D0FD5D700F7246D /* ViewController.m in Sources */,
				1BD3C6401D0FD5D700F7246D /* AppDelegate.m in Sources */,
				1BD3C6701D0FD8B400F7246D /* VoiceConvertHandle.m in Sources */,
				1B32C40B1D25161D00411C54 /* BNRAudioData.m in Sources */,
				1BD3C63D1D0FD5D700F7246D /* main.m in Sources */,
			);
			runOnlyForDeploymentPostprocessing = 0;
		};
		1BD3C64D1D0FD5D700F7246D /* Sources */ = {
			isa = PBXSourcesBuildPhase;
			buildActionMask = 2147483647;
			files = (
				1BD3C6561D0FD5D700F7246D /* BleVOIPTests.m in Sources */,
			);
			runOnlyForDeploymentPostprocessing = 0;
		};
		1BD3C6581D0FD5D700F7246D /* Sources */ = {
			isa = PBXSourcesBuildPhase;
			buildActionMask = 2147483647;
			files = (
				1BD3C6611D0FD5D700F7246D /* BleVOIPUITests.m in Sources */,
			);
			runOnlyForDeploymentPostprocessing = 0;
		};
/* End PBXSourcesBuildPhase section */

/* Begin PBXTargetDependency section */
		1BD3C6531D0FD5D700F7246D /* PBXTargetDependency */ = {
			isa = PBXTargetDependency;
			target = 1BD3C6371D0FD5D700F7246D /* BleVOIP */;
			targetProxy = 1BD3C6521D0FD5D700F7246D /* PBXContainerItemProxy */;
		};
		1BD3C65E1D0FD5D700F7246D /* PBXTargetDependency */ = {
			isa = PBXTargetDependency;
			target = 1BD3C6371D0FD5D700F7246D /* BleVOIP */;
			targetProxy = 1BD3C65D1D0FD5D700F7246D /* PBXContainerItemProxy */;
		};
/* End PBXTargetDependency section */

/* Begin PBXVariantGroup section */
		1BD3C6441D0FD5D700F7246D /* Main.storyboard */ = {
			isa = PBXVariantGroup;
			children = (
				1BD3C6451D0FD5D700F7246D /* Base */,
			);
			name = Main.storyboard;
			sourceTree = "<group>";
		};
		1BD3C6491D0FD5D700F7246D /* LaunchScreen.storyboard */ = {
			isa = PBXVariantGroup;
			children = (
				1BD3C64A1D0FD5D700F7246D /* Base */,
			);
			name = LaunchScreen.storyboard;
			sourceTree = "<group>";
		};
/* End PBXVariantGroup section */

/* Begin XCBuildConfiguration section */
		1BD3C6631D0FD5D700F7246D /* Debug */ = {
			isa = XCBuildConfiguration;
			buildSettings = {
				ALWAYS_SEARCH_USER_PATHS = NO;
				CLANG_CXX_LANGUAGE_STANDARD = "gnu++0x";
				CLANG_CXX_LIBRARY = "libc++";
				CLANG_ENABLE_MODULES = YES;
				CLANG_ENABLE_OBJC_ARC = YES;
				CLANG_WARN_BOOL_CONVERSION = YES;
				CLANG_WARN_CONSTANT_CONVERSION = YES;
				CLANG_WARN_DIRECT_OBJC_ISA_USAGE = YES_ERROR;
				CLANG_WARN_EMPTY_BODY = YES;
				CLANG_WARN_ENUM_CONVERSION = YES;
				CLANG_WARN_INT_CONVERSION = YES;
				CLANG_WARN_OBJC_ROOT_CLASS = YES_ERROR;
				CLANG_WARN_UNREACHABLE_CODE = YES;
				CLANG_WARN__DUPLICATE_METHOD_MATCH = YES;
				"CODE_SIGN_IDENTITY[sdk=iphoneos*]" = "iPhone Developer";
				COPY_PHASE_STRIP = NO;
				DEBUG_INFORMATION_FORMAT = dwarf;
				ENABLE_STRICT_OBJC_MSGSEND = YES;
				ENABLE_TESTABILITY = YES;
				GCC_C_LANGUAGE_STANDARD = gnu99;
				GCC_DYNAMIC_NO_PIC = NO;
				GCC_NO_COMMON_BLOCKS = YES;
				GCC_OPTIMIZATION_LEVEL = 0;
				GCC_PREPROCESSOR_DEFINITIONS = (
					"DEBUG=1",
					"$(inherited)",
				);
				GCC_WARN_64_TO_32_BIT_CONVERSION = YES;
				GCC_WARN_ABOUT_RETURN_TYPE = YES_ERROR;
				GCC_WARN_UNDECLARED_SELECTOR = YES;
				GCC_WARN_UNINITIALIZED_AUTOS = YES_AGGRESSIVE;
				GCC_WARN_UNUSED_FUNCTION = YES;
				GCC_WARN_UNUSED_VARIABLE = YES;
				IPHONEOS_DEPLOYMENT_TARGET = 9.2;
				MTL_ENABLE_DEBUG_INFO = YES;
				ONLY_ACTIVE_ARCH = YES;
				SDKROOT = iphoneos;
				TARGETED_DEVICE_FAMILY = "1,2";
			};
			name = Debug;
		};
		1BD3C6641D0FD5D700F7246D /* Release */ = {
			isa = XCBuildConfiguration;
			buildSettings = {
				ALWAYS_SEARCH_USER_PATHS = NO;
				CLANG_CXX_LANGUAGE_STANDARD = "gnu++0x";
				CLANG_CXX_LIBRARY = "libc++";
				CLANG_ENABLE_MODULES = YES;
				CLANG_ENABLE_OBJC_ARC = YES;
				CLANG_WARN_BOOL_CONVERSION = YES;
				CLANG_WARN_CONSTANT_CONVERSION = YES;
				CLANG_WARN_DIRECT_OBJC_ISA_USAGE = YES_ERROR;
				CLANG_WARN_EMPTY_BODY = YES;
				CLANG_WARN_ENUM_CONVERSION = YES;
				CLANG_WARN_INT_CONVERSION = YES;
				CLANG_WARN_OBJC_ROOT_CLASS = YES_ERROR;
				CLANG_WARN_UNREACHABLE_CODE = YES;
				CLANG_WARN__DUPLICATE_METHOD_MATCH = YES;
				"CODE_SIGN_IDENTITY[sdk=iphoneos*]" = "iPhone Developer";
				COPY_PHASE_STRIP = NO;
				DEBUG_INFORMATION_FORMAT = "dwarf-with-dsym";
				ENABLE_NS_ASSERTIONS = NO;
				ENABLE_STRICT_OBJC_MSGSEND = YES;
				GCC_C_LANGUAGE_STANDARD = gnu99;
				GCC_NO_COMMON_BLOCKS = YES;
				GCC_WARN_64_TO_32_BIT_CONVERSION = YES;
				GCC_WARN_ABOUT_RETURN_TYPE = YES_ERROR;
				GCC_WARN_UNDECLARED_SELECTOR = YES;
				GCC_WARN_UNINITIALIZED_AUTOS = YES_AGGRESSIVE;
				GCC_WARN_UNUSED_FUNCTION = YES;
				GCC_WARN_UNUSED_VARIABLE = YES;
				IPHONEOS_DEPLOYMENT_TARGET = 9.2;
				MTL_ENABLE_DEBUG_INFO = NO;
				SDKROOT = iphoneos;
				TARGETED_DEVICE_FAMILY = "1,2";
				VALIDATE_PRODUCT = YES;
			};
			name = Release;
		};
		1BD3C6661D0FD5D700F7246D /* Debug */ = {
			isa = XCBuildConfiguration;
			buildSettings = {
				ASSETCATALOG_COMPILER_APPICON_NAME = AppIcon;
				INFOPLIST_FILE = BleVOIP/Info.plist;
				IPHONEOS_DEPLOYMENT_TARGET = 7.0;
				LD_RUNPATH_SEARCH_PATHS = "$(inherited) @executable_path/Frameworks";
				PRODUCT_BUNDLE_IDENTIFIER = Het.BleVOIP;
				PRODUCT_NAME = "$(TARGET_NAME)";
			};
			name = Debug;
		};
		1BD3C6671D0FD5D700F7246D /* Release */ = {
			isa = XCBuildConfiguration;
			buildSettings = {
				ASSETCATALOG_COMPILER_APPICON_NAME = AppIcon;
				INFOPLIST_FILE = BleVOIP/Info.plist;
				IPHONEOS_DEPLOYMENT_TARGET = 7.0;
				LD_RUNPATH_SEARCH_PATHS = "$(inherited) @executable_path/Frameworks";
				PRODUCT_BUNDLE_IDENTIFIER = Het.BleVOIP;
				PRODUCT_NAME = "$(TARGET_NAME)";
			};
			name = Release;
		};
		1BD3C6691D0FD5D700F7246D /* Debug */ = {
			isa = XCBuildConfiguration;
			buildSettings = {
				BUNDLE_LOADER = "$(TEST_HOST)";
				INFOPLIST_FILE = BleVOIPTests/Info.plist;
				LD_RUNPATH_SEARCH_PATHS = "$(inherited) @executable_path/Frameworks @loader_path/Frameworks";
				PRODUCT_BUNDLE_IDENTIFIER = Het.BleVOIPTests;
				PRODUCT_NAME = "$(TARGET_NAME)";
				TEST_HOST = "$(BUILT_PRODUCTS_DIR)/BleVOIP.app/BleVOIP";
			};
			name = Debug;
		};
		1BD3C66A1D0FD5D700F7246D /* Release */ = {
			isa = XCBuildConfiguration;
			buildSettings = {
				BUNDLE_LOADER = "$(TEST_HOST)";
				INFOPLIST_FILE = BleVOIPTests/Info.plist;
				LD_RUNPATH_SEARCH_PATHS = "$(inherited) @executable_path/Frameworks @loader_path/Frameworks";
				PRODUCT_BUNDLE_IDENTIFIER = Het.BleVOIPTests;
				PRODUCT_NAME = "$(TARGET_NAME)";
				TEST_HOST = "$(BUILT_PRODUCTS_DIR)/BleVOIP.app/BleVOIP";
			};
			name = Release;
		};
		1BD3C66C1D0FD5D700F7246D /* Debug */ = {
			isa = XCBuildConfiguration;
			buildSettings = {
				INFOPLIST_FILE = BleVOIPUITests/Info.plist;
				LD_RUNPATH_SEARCH_PATHS = "$(inherited) @executable_path/Frameworks @loader_path/Frameworks";
				PRODUCT_BUNDLE_IDENTIFIER = Het.BleVOIPUITests;
				PRODUCT_NAME = "$(TARGET_NAME)";
				TEST_TARGET_NAME = BleVOIP;
				USES_XCTRUNNER = YES;
			};
			name = Debug;
		};
		1BD3C66D1D0FD5D700F7246D /* Release */ = {
			isa = XCBuildConfiguration;
			buildSettings = {
				INFOPLIST_FILE = BleVOIPUITests/Info.plist;
				LD_RUNPATH_SEARCH_PATHS = "$(inherited) @executable_path/Frameworks @loader_path/Frameworks";
				PRODUCT_BUNDLE_IDENTIFIER = Het.BleVOIPUITests;
				PRODUCT_NAME = "$(TARGET_NAME)";
				TEST_TARGET_NAME = BleVOIP;
				USES_XCTRUNNER = YES;
			};
			name = Release;
		};
/* End XCBuildConfiguration section */

/* Begin XCConfigurationList section */
		1BD3C6331D0FD5D700F7246D /* Build configuration list for PBXProject "BleVOIP" */ = {
			isa = XCConfigurationList;
			buildConfigurations = (
				1BD3C6631D0FD5D700F7246D /* Debug */,
				1BD3C6641D0FD5D700F7246D /* Release */,
			);
			defaultConfigurationIsVisible = 0;
			defaultConfigurationName = Release;
		};
		1BD3C6651D0FD5D700F7246D /* Build configuration list for PBXNativeTarget "BleVOIP" */ = {
			isa = XCConfigurationList;
			buildConfigurations = (
				1BD3C6661D0FD5D700F7246D /* Debug */,
				1BD3C6671D0FD5D700F7246D /* Release */,
			);
			defaultConfigurationIsVisible = 0;
			defaultConfigurationName = Release;
		};
		1BD3C6681D0FD5D700F7246D /* Build configuration list for PBXNativeTarget "BleVOIPTests" */ = {
			isa = XCConfigurationList;
			buildConfigurations = (
				1BD3C6691D0FD5D700F7246D /* Debug */,
				1BD3C66A1D0FD5D700F7246D /* Release */,
			);
			defaultConfigurationIsVisible = 0;
			defaultConfigurationName = Release;
		};
		1BD3C66B1D0FD5D700F7246D /* Build configuration list for PBXNativeTarget "BleVOIPUITests" */ = {
			isa = XCConfigurationList;
			buildConfigurations = (
				1BD3C66C1D0FD5D700F7246D /* Debug */,
				1BD3C66D1D0FD5D700F7246D /* Release */,
			);
			defaultConfigurationIsVisible = 0;
			defaultConfigurationName = Release;
		};
/* End XCConfigurationList section */
	};
	rootObject = 1BD3C6301D0FD5D700F7246D /* Project object */;
}
